{
  "version": "2",
  "remote": {},
  "npm": {
    "specifiers": {
      "moo": "moo@0.5.2"
    },
    "packages": {
      "moo@0.5.2": {
        "integrity": "sha512-iSAJLHYKnX41mKcJKjqvnAN9sf0LMDTXDEvFv+ffuRR9a1MIuXLjMNL6EsnDHSkKLTWNqQQ5uo61P4EbU4NU+Q==",
        "dependencies": {}
      }
    }
  }
}
