{
  "version": "2",
  "remote": {},
  "npm": {
    "specifiers": {
      "moo": "moo@0.5.2",
      "nearley": "nearley@2.20.1"
    },
    "packages": {
      "commander@2.20.3": {
        "integrity": "sha512-GpVkmM8vF2vQUkj2LvZmD35JxeJOLCwJ9cUkugyk2nuhbv3+mJvpLYYt+0+USMxE+oj+ey/lJEnhZw75x/OMcQ==",
        "dependencies": {}
      },
      "discontinuous-range@1.0.0": {
        "integrity": "sha512-c68LpLbO+7kP/b1Hr1qs8/BJ09F5khZGTxqxZuhzxpmwJKOgRFHJWIb9/KmqnqHhLdO55aOxFH/EGBvUQbL/RQ==",
        "dependencies": {}
      },
      "moo@0.5.2": {
        "integrity": "sha512-iSAJLHYKnX41mKcJKjqvnAN9sf0LMDTXDEvFv+ffuRR9a1MIuXLjMNL6EsnDHSkKLTWNqQQ5uo61P4EbU4NU+Q==",
        "dependencies": {}
      },
      "nearley@2.20.1": {
        "integrity": "sha512-+Mc8UaAebFzgV+KpI5n7DasuuQCHA89dmwm7JXw3TV43ukfNQ9DnBH3Mdb2g/I4Fdxc26pwimBWvjIw0UAILSQ==",
        "dependencies": {
          "commander": "commander@2.20.3",
          "moo": "moo@0.5.2",
          "railroad-diagrams": "railroad-diagrams@1.0.0",
          "randexp": "randexp@0.4.6"
        }
      },
      "railroad-diagrams@1.0.0": {
        "integrity": "sha512-cz93DjNeLY0idrCNOH6PviZGRN9GJhsdm9hpn1YCS879fj4W+x5IFJhhkRZcwVgMmFF7R82UA/7Oh+R8lLZg6A==",
        "dependencies": {}
      },
      "randexp@0.4.6": {
        "integrity": "sha512-80WNmd9DA0tmZrw9qQa62GPPWfuXJknrmVmLcxvq4uZBdYqb1wYoKTmnlGUchvVWe0XiLupYkBoXVOxz3C8DYQ==",
        "dependencies": {
          "discontinuous-range": "discontinuous-range@1.0.0",
          "ret": "ret@0.1.15"
        }
      },
      "ret@0.1.15": {
        "integrity": "sha512-TTlYpa+OL+vMMNG24xSlQGEJ3B/RzEfUlLct7b5G/ytav+wPrplCpVMFuwzXbkecJrb6IYo1iFb0S9v37754mg==",
        "dependencies": {}
      }
    }
  }
}
